
Microsoft Visual Studio Solution File, Format Version 12.00
# Visual Studio Version 17
VisualStudioVersion = 17.5.33530.505
MinimumVisualStudioVersion = 10.0.40219.1
Project("{FAE04EC0-301F-11D3-BF4B-00C04F79EFBC}") = "AbhijeetMvcTestBlogApplication", "AbhijeetMvcTestBlogApplication\AbhijeetMvcTestBlogApplication.csproj", "{5BF67E89-F551-47FF-ABD2-88C9BC851D6F}"
EndProject
Global
	GlobalSection(SolutionConfigurationPlatforms) = preSolution
		Debug|Any CPU = Debug|Any CPU
		Release|Any CPU = Release|Any CPU
	EndGlobalSection
	GlobalSection(ProjectConfigurationPlatforms) = postSolution
		{5BF67E89-F551-47FF-ABD2-88C9BC851D6F}.Debug|Any CPU.ActiveCfg = Debug|Any CPU
		{5BF67E89-F551-47FF-ABD2-88C9BC851D6F}.Debug|Any CPU.Build.0 = Debug|Any CPU
		{5BF67E89-F551-47FF-ABD2-88C9BC851D6F}.Release|Any CPU.ActiveCfg = Release|Any CPU
		{5BF67E89-F551-47FF-ABD2-88C9BC851D6F}.Release|Any CPU.Build.0 = Release|Any CPU
	EndGlobalSection
	GlobalSection(SolutionProperties) = preSolution
		HideSolutionNode = FALSE
	EndGlobalSection
	GlobalSection(ExtensibilityGlobals) = postSolution
		SolutionGuid = {23F8E8B9-462E-4E1F-AD39-455239D745FE}
	EndGlobalSection
EndGlobal
